// !$*UTF8*$!
{
	archiveVersion = 1;
	classes = {
	};
	objectVersion = 50;
	objects = {

/* Begin PBXBuildFile section */
		F45EE5C22543C3E5000D1A5C /* Apple_Tutorial_Project_SwiftUI_1App.swift in Sources */ = {isa = PBXBuildFile; fileRef = F45EE5C12543C3E5000D1A5C /* Apple_Tutorial_Project_SwiftUI_1App.swift */; };
		F45EE5C42543C3E5000D1A5C /* ContentView.swift in Sources */ = {isa = PBXBuildFile; fileRef = F45EE5C32543C3E5000D1A5C /* ContentView.swift */; };
		F45EE5C62543C3E7000D1A5C /* Assets.xcassets in Resources */ = {isa = PBXBuildFile; fileRef = F45EE5C52543C3E7000D1A5C /* Assets.xcassets */; };
		F45EE5C92543C3E7000D1A5C /* Preview Assets.xcassets in Resources */ = {isa = PBXBuildFile; fileRef = F45EE5C82543C3E7000D1A5C /* Preview Assets.xcassets */; };
		F45EE5D42543C3E8000D1A5C /* Apple_Tutorial_Project_SwiftUI_1Tests.swift in Sources */ = {isa = PBXBuildFile; fileRef = F45EE5D32543C3E8000D1A5C /* Apple_Tutorial_Project_SwiftUI_1Tests.swift */; };
		F45EE5DF2543C3E8000D1A5C /* Apple_Tutorial_Project_SwiftUI_1UITests.swift in Sources */ = {isa = PBXBuildFile; fileRef = F45EE5DE2543C3E8000D1A5C /* Apple_Tutorial_Project_SwiftUI_1UITests.swift */; };
		F484F5F02544928E0009AD3B /* CircleImage.swift in Sources */ = {isa = PBXBuildFile; fileRef = F484F5EF2544928E0009AD3B /* CircleImage.swift */; };
/* End PBXBuildFile section */

/* Begin PBXContainerItemProxy section */
		F45EE5D02543C3E8000D1A5C /* PBXContainerItemProxy */ = {
			isa = PBXContainerItemProxy;
			containerPortal = F45EE5B62543C3E5000D1A5C /* Project object */;
			proxyType = 1;
			remoteGlobalIDString = F45EE5BD2543C3E5000D1A5C;
			remoteInfo = Apple_Tutorial_Project_SwiftUI_1;
		};
		F45EE5DB2543C3E8000D1A5C /* PBXContainerItemProxy */ = {
			isa = PBXContainerItemProxy;
			containerPortal = F45EE5B62543C3E5000D1A5C /* Project object */;
			proxyType = 1;
			remoteGlobalIDString = F45EE5BD2543C3E5000D1A5C;
			remoteInfo = Apple_Tutorial_Project_SwiftUI_1;
		};
/* End PBXContainerItemProxy section */

/* Begin PBXFileReference section */
		F45EE5BE2543C3E5000D1A5C /* Apple_Tutorial_Project_SwiftUI_1.app */ = {isa = PBXFileReference; explicitFileType = wrapper.application; includeInIndex = 0; path = Apple_Tutorial_Project_SwiftUI_1.app; sourceTree = BUILT_PRODUCTS_DIR; };
		F45EE5C12543C3E5000D1A5C /* Apple_Tutorial_Project_SwiftUI_1App.swift */ = {isa = PBXFileReference; lastKnownFileType = sourcecode.swift; path = Apple_Tutorial_Project_SwiftUI_1App.swift; sourceTree = "<group>"; };
		F45EE5C32543C3E5000D1A5C /* ContentView.swift */ = {isa = PBXFileReference; lastKnownFileType = sourcecode.swift; path = ContentView.swift; sourceTree = "<group>"; };
		F45EE5C52543C3E7000D1A5C /* Assets.xcassets */ = {isa = PBXFileReference; lastKnownFileType = folder.assetcatalog; path = Assets.xcassets; sourceTree = "<group>"; };
		F45EE5C82543C3E7000D1A5C /* Preview Assets.xcassets */ = {isa = PBXFileReference; lastKnownFileType = folder.assetcatalog; path = "Preview Assets.xcassets"; sourceTree = "<group>"; };
		F45EE5CA2543C3E7000D1A5C /* Info.plist */ = {isa = PBXFileReference; lastKnownFileType = text.plist.xml; path = Info.plist; sourceTree = "<group>"; };
		F45EE5CF2543C3E8000D1A5C /* Apple_Tutorial_Project_SwiftUI_1Tests.xctest */ = {isa = PBXFileReference; explicitFileType = wrapper.cfbundle; includeInIndex = 0; path = Apple_Tutorial_Project_SwiftUI_1Tests.xctest; sourceTree = BUILT_PRODUCTS_DIR; };
		F45EE5D32543C3E8000D1A5C /* Apple_Tutorial_Project_SwiftUI_1Tests.swift */ = {isa = PBXFileReference; lastKnownFileType = sourcecode.swift; path = Apple_Tutorial_Project_SwiftUI_1Tests.swift; sourceTree = "<group>"; };
		F45EE5D52543C3E8000D1A5C /* Info.plist */ = {isa = PBXFileReference; lastKnownFileType = text.plist.xml; path = Info.plist; sourceTree = "<group>"; };
		F45EE5DA2543C3E8000D1A5C /* Apple_Tutorial_Project_SwiftUI_1UITests.xctest */ = {isa = PBXFileReference; explicitFileType = wrapper.cfbundle; includeInIndex = 0; path = Apple_Tutorial_Project_SwiftUI_1UITests.xctest; sourceTree = BUILT_PRODUCTS_DIR; };
		F45EE5DE2543C3E8000D1A5C /* Apple_Tutorial_Project_SwiftUI_1UITests.swift */ = {isa = PBXFileReference; lastKnownFileType = sourcecode.swift; path = Apple_Tutorial_Project_SwiftUI_1UITests.swift; sourceTree = "<group>"; };
		F45EE5E02543C3E8000D1A5C /* Info.plist */ = {isa = PBXFileReference; lastKnownFileType = text.plist.xml; path = Info.plist; sourceTree = "<group>"; };
		F484F5EF2544928E0009AD3B /* CircleImage.swift */ = {isa = PBXFileReference; lastKnownFileType = sourcecode.swift; path = CircleImage.swift; sourceTree = "<group>"; };
/* End PBXFileReference section */

/* Begin PBXFrameworksBuildPhase section */
		F45EE5BB2543C3E5000D1A5C /* Frameworks */ = {
			isa = PBXFrameworksBuildPhase;
			buildActionMask = 2147483647;
			files = (
			);
			runOnlyForDeploymentPostprocessing = 0;
		};
		F45EE5CC2543C3E8000D1A5C /* Frameworks */ = {
			isa = PBXFrameworksBuildPhase;
			buildActionMask = 2147483647;
			files = (
			);
			runOnlyForDeploymentPostprocessing = 0;
		};
		F45EE5D72543C3E8000D1A5C /* Frameworks */ = {
			isa = PBXFrameworksBuildPhase;
			buildActionMask = 2147483647;
			files = (
			);
			runOnlyForDeploymentPostprocessing = 0;
		};
/* End PBXFrameworksBuildPhase section */

/* Begin PBXGroup section */
		F45EE5B52543C3E5000D1A5C = {
			isa = PBXGroup;
			children = (
				F45EE5C02543C3E5000D1A5C /* Apple_Tutorial_Project_SwiftUI_1 */,
				F45EE5D22543C3E8000D1A5C /* Apple_Tutorial_Project_SwiftUI_1Tests */,
				F45EE5DD2543C3E8000D1A5C /* Apple_Tutorial_Project_SwiftUI_1UITests */,
				F45EE5BF2543C3E5000D1A5C /* Products */,
			);
			sourceTree = "<group>";
		};
		F45EE5BF2543C3E5000D1A5C /* Products */ = {
			isa = PBXGroup;
			children = (
				F45EE5BE2543C3E5000D1A5C /* Apple_Tutorial_Project_SwiftUI_1.app */,
				F45EE5CF2543C3E8000D1A5C /* Apple_Tutorial_Project_SwiftUI_1Tests.xctest */,
				F45EE5DA2543C3E8000D1A5C /* Apple_Tutorial_Project_SwiftUI_1UITests.xctest */,
			);
			name = Products;
			sourceTree = "<group>";
		};
		F45EE5C02543C3E5000D1A5C /* Apple_Tutorial_Project_SwiftUI_1 */ = {
			isa = PBXGroup;
			children = (
				F45EE5C12543C3E5000D1A5C /* Apple_Tutorial_Project_SwiftUI_1App.swift */,
				F45EE5C32543C3E5000D1A5C /* ContentView.swift */,
				F45EE5C52543C3E7000D1A5C /* Assets.xcassets */,
				F484F5EF2544928E0009AD3B /* CircleImage.swift */,
				F45EE5CA2543C3E7000D1A5C /* Info.plist */,
				F45EE5C72543C3E7000D1A5C /* Preview Content */,
			);
			path = Apple_Tutorial_Project_SwiftUI_1;
			sourceTree = "<group>";
		};
		F45EE5C72543C3E7000D1A5C /* Preview Content */ = {
			isa = PBXGroup;
			children = (
				F45EE5C82543C3E7000D1A5C /* Preview Assets.xcassets */,
			);
			path = "Preview Content";
			sourceTree = "<group>";
		};
		F45EE5D22543C3E8000D1A5C /* Apple_Tutorial_Project_SwiftUI_1Tests */ = {
			isa = PBXGroup;
			children = (
				F45EE5D32543C3E8000D1A5C /* Apple_Tutorial_Project_SwiftUI_1Tests.swift */,
				F45EE5D52543C3E8000D1A5C /* Info.plist */,
			);
			path = Apple_Tutorial_Project_SwiftUI_1Tests;
			sourceTree = "<group>";
		};
		F45EE5DD2543C3E8000D1A5C /* Apple_Tutorial_Project_SwiftUI_1UITests */ = {
			isa = PBXGroup;
			children = (
				F45EE5DE2543C3E8000D1A5C /* Apple_Tutorial_Project_SwiftUI_1UITests.swift */,
				F45EE5E02543C3E8000D1A5C /* Info.plist */,
			);
			path = Apple_Tutorial_Project_SwiftUI_1UITests;
			sourceTree = "<group>";
		};
/* End PBXGroup section */

/* Begin PBXNativeTarget section */
		F45EE5BD2543C3E5000D1A5C /* Apple_Tutorial_Project_SwiftUI_1 */ = {
			isa = PBXNativeTarget;
			buildConfigurationList = F45EE5E32543C3E8000D1A5C /* Build configuration list for PBXNativeTarget "Apple_Tutorial_Project_SwiftUI_1" */;
			buildPhases = (
				F45EE5BA2543C3E5000D1A5C /* Sources */,
				F45EE5BB2543C3E5000D1A5C /* Frameworks */,
				F45EE5BC2543C3E5000D1A5C /* Resources */,
			);
			buildRules = (
			);
			dependencies = (
			);
			name = Apple_Tutorial_Project_SwiftUI_1;
			productName = Apple_Tutorial_Project_SwiftUI_1;
			productReference = F45EE5BE2543C3E5000D1A5C /* Apple_Tutorial_Project_SwiftUI_1.app */;
			productType = "com.apple.product-type.application";
		};
		F45EE5CE2543C3E8000D1A5C /* Apple_Tutorial_Project_SwiftUI_1Tests */ = {
			isa = PBXNativeTarget;
			buildConfigurationList = F45EE5E62543C3E8000D1A5C /* Build configuration list for PBXNativeTarget "Apple_Tutorial_Project_SwiftUI_1Tests" */;
			buildPhases = (
				F45EE5CB2543C3E8000D1A5C /* Sources */,
				F45EE5CC2543C3E8000D1A5C /* Frameworks */,
				F45EE5CD2543C3E8000D1A5C /* Resources */,
			);
			buildRules = (
			);
			dependencies = (
				F45EE5D12543C3E8000D1A5C /* PBXTargetDependency */,
			);
			name = Apple_Tutorial_Project_SwiftUI_1Tests;
			productName = Apple_Tutorial_Project_SwiftUI_1Tests;
			productReference = F45EE5CF2543C3E8000D1A5C /* Apple_Tutorial_Project_SwiftUI_1Tests.xctest */;
			productType = "com.apple.product-type.bundle.unit-test";
		};
		F45EE5D92543C3E8000D1A5C /* Apple_Tutorial_Project_SwiftUI_1UITests */ = {
			isa = PBXNativeTarget;
			buildConfigurationList = F45EE5E92543C3E8000D1A5C /* Build configuration list for PBXNativeTarget "Apple_Tutorial_Project_SwiftUI_1UITests" */;
			buildPhases = (
				F45EE5D62543C3E8000D1A5C /* Sources */,
				F45EE5D72543C3E8000D1A5C /* Frameworks */,
				F45EE5D82543C3E8000D1A5C /* Resources */,
			);
			buildRules = (
			);
			dependencies = (
				F45EE5DC2543C3E8000D1A5C /* PBXTargetDependency */,
			);
			name = Apple_Tutorial_Project_SwiftUI_1UITests;
			productName = Apple_Tutorial_Project_SwiftUI_1UITests;
			productReference = F45EE5DA2543C3E8000D1A5C /* Apple_Tutorial_Project_SwiftUI_1UITests.xctest */;
			productType = "com.apple.product-type.bundle.ui-testing";
		};
/* End PBXNativeTarget section */

/* Begin PBXProject section */
		F45EE5B62543C3E5000D1A5C /* Project object */ = {
			isa = PBXProject;
			attributes = {
				LastSwiftUpdateCheck = 1210;
				LastUpgradeCheck = 1210;
				TargetAttributes = {
					F45EE5BD2543C3E5000D1A5C = {
						CreatedOnToolsVersion = 12.1;
					};
					F45EE5CE2543C3E8000D1A5C = {
						CreatedOnToolsVersion = 12.1;
						TestTargetID = F45EE5BD2543C3E5000D1A5C;
					};
					F45EE5D92543C3E8000D1A5C = {
						CreatedOnToolsVersion = 12.1;
						TestTargetID = F45EE5BD2543C3E5000D1A5C;
					};
				};
			};
			buildConfigurationList = F45EE5B92543C3E5000D1A5C /* Build configuration list for PBXProject "Apple_Tutorial_Project_SwiftUI_1" */;
			compatibilityVersion = "Xcode 9.3";
			developmentRegion = en;
			hasScannedForEncodings = 0;
			knownRegions = (
				en,
				Base,
			);
			mainGroup = F45EE5B52543C3E5000D1A5C;
			productRefGroup = F45EE5BF2543C3E5000D1A5C /* Products */;
			projectDirPath = "";
			projectRoot = "";
			targets = (
				F45EE5BD2543C3E5000D1A5C /* Apple_Tutorial_Project_SwiftUI_1 */,
				F45EE5CE2543C3E8000D1A5C /* Apple_Tutorial_Project_SwiftUI_1Tests */,
				F45EE5D92543C3E8000D1A5C /* Apple_Tutorial_Project_SwiftUI_1UITests */,
			);
		};
/* End PBXProject section */

/* Begin PBXResourcesBuildPhase section */
		F45EE5BC2543C3E5000D1A5C /* Resources */ = {
			isa = PBXResourcesBuildPhase;
			buildActionMask = 2147483647;
			files = (
				F45EE5C92543C3E7000D1A5C /* Preview Assets.xcassets in Resources */,
				F45EE5C62543C3E7000D1A5C /* Assets.xcassets in Resources */,
			);
			runOnlyForDeploymentPostprocessing = 0;
		};
		F45EE5CD2543C3E8000D1A5C /* Resources */ = {
			isa = PBXResourcesBuildPhase;
			buildActionMask = 2147483647;
			files = (
			);
			runOnlyForDeploymentPostprocessing = 0;
		};
		F45EE5D82543C3E8000D1A5C /* Resources */ = {
			isa = PBXResourcesBuildPhase;
			buildActionMask = 2147483647;
			files = (
			);
			runOnlyForDeploymentPostprocessing = 0;
		};
/* End PBXResourcesBuildPhase section */

/* Begin PBXSourcesBuildPhase section */
		F45EE5BA2543C3E5000D1A5C /* Sources */ = {
			isa = PBXSourcesBuildPhase;
			buildActionMask = 2147483647;
			files = (
				F45EE5C42543C3E5000D1A5C /* ContentView.swift in Sources */,
				F45EE5C22543C3E5000D1A5C /* Apple_Tutorial_Project_SwiftUI_1App.swift in Sources */,
				F484F5F02544928E0009AD3B /* CircleImage.swift in Sources */,
			);
			runOnlyForDeploymentPostprocessing = 0;
		};
		F45EE5CB2543C3E8000D1A5C /* Sources */ = {
			isa = PBXSourcesBuildPhase;
			buildActionMask = 2147483647;
			files = (
				F45EE5D42543C3E8000D1A5C /* Apple_Tutorial_Project_SwiftUI_1Tests.swift in Sources */,
			);
			runOnlyForDeploymentPostprocessing = 0;
		};
		F45EE5D62543C3E8000D1A5C /* Sources */ = {
			isa = PBXSourcesBuildPhase;
			buildActionMask = 2147483647;
			files = (
				F45EE5DF2543C3E8000D1A5C /* Apple_Tutorial_Project_SwiftUI_1UITests.swift in Sources */,
			);
			runOnlyForDeploymentPostprocessing = 0;
		};
/* End PBXSourcesBuildPhase section */

/* Begin PBXTargetDependency section */
		F45EE5D12543C3E8000D1A5C /* PBXTargetDependency */ = {
			isa = PBXTargetDependency;
			target = F45EE5BD2543C3E5000D1A5C /* Apple_Tutorial_Project_SwiftUI_1 */;
			targetProxy = F45EE5D02543C3E8000D1A5C /* PBXContainerItemProxy */;
		};
		F45EE5DC2543C3E8000D1A5C /* PBXTargetDependency */ = {
			isa = PBXTargetDependency;
			target = F45EE5BD2543C3E5000D1A5C /* Apple_Tutorial_Project_SwiftUI_1 */;
			targetProxy = F45EE5DB2543C3E8000D1A5C /* PBXContainerItemProxy */;
		};
/* End PBXTargetDependency section */

/* Begin XCBuildConfiguration section */
		F45EE5E12543C3E8000D1A5C /* Debug */ = {
			isa = XCBuildConfiguration;
			buildSettings = {
				ALWAYS_SEARCH_USER_PATHS = NO;
				CLANG_ANALYZER_NONNULL = YES;
				CLANG_ANALYZER_NUMBER_OBJECT_CONVERSION = YES_AGGRESSIVE;
				CLANG_CXX_LANGUAGE_STANDARD = "gnu++14";
				CLANG_CXX_LIBRARY = "libc++";
				CLANG_ENABLE_MODULES = YES;
				CLANG_ENABLE_OBJC_ARC = YES;
				CLANG_ENABLE_OBJC_WEAK = YES;
				CLANG_WARN_BLOCK_CAPTURE_AUTORELEASING = YES;
				CLANG_WARN_BOOL_CONVERSION = YES;
				CLANG_WARN_COMMA = YES;
				CLANG_WARN_CONSTANT_CONVERSION = YES;
				CLANG_WARN_DEPRECATED_OBJC_IMPLEMENTATIONS = YES;
				CLANG_WARN_DIRECT_OBJC_ISA_USAGE = YES_ERROR;
				CLANG_WARN_DOCUMENTATION_COMMENTS = YES;
				CLANG_WARN_EMPTY_BODY = YES;
				CLANG_WARN_ENUM_CONVERSION = YES;
				CLANG_WARN_INFINITE_RECURSION = YES;
				CLANG_WARN_INT_CONVERSION = YES;
				CLANG_WARN_NON_LITERAL_NULL_CONVERSION = YES;
				CLANG_WARN_OBJC_IMPLICIT_RETAIN_SELF = YES;
				CLANG_WARN_OBJC_LITERAL_CONVERSION = YES;
				CLANG_WARN_OBJC_ROOT_CLASS = YES_ERROR;
				CLANG_WARN_QUOTED_INCLUDE_IN_FRAMEWORK_HEADER = YES;
				CLANG_WARN_RANGE_LOOP_ANALYSIS = YES;
				CLANG_WARN_STRICT_PROTOTYPES = YES;
				CLANG_WARN_SUSPICIOUS_MOVE = YES;
				CLANG_WARN_UNGUARDED_AVAILABILITY = YES_AGGRESSIVE;
				CLANG_WARN_UNREACHABLE_CODE = YES;
				CLANG_WARN__DUPLICATE_METHOD_MATCH = YES;
				COPY_PHASE_STRIP = NO;
				DEBUG_INFORMATION_FORMAT = dwarf;
				ENABLE_STRICT_OBJC_MSGSEND = YES;
				ENABLE_TESTABILITY = YES;
				GCC_C_LANGUAGE_STANDARD = gnu11;
				GCC_DYNAMIC_NO_PIC = NO;
				GCC_NO_COMMON_BLOCKS = YES;
				GCC_OPTIMIZATION_LEVEL = 0;
				GCC_PREPROCESSOR_DEFINITIONS = (
					"DEBUG=1",
					"$(inherited)",
				);
				GCC_WARN_64_TO_32_BIT_CONVERSION = YES;
				GCC_WARN_ABOUT_RETURN_TYPE = YES_ERROR;
				GCC_WARN_UNDECLARED_SELECTOR = YES;
				GCC_WARN_UNINITIALIZED_AUTOS = YES_AGGRESSIVE;
				GCC_WARN_UNUSED_FUNCTION = YES;
				GCC_WARN_UNUSED_VARIABLE = YES;
				IPHONEOS_DEPLOYMENT_TARGET = 14.1;
				MTL_ENABLE_DEBUG_INFO = INCLUDE_SOURCE;
				MTL_FAST_MATH = YES;
				ONLY_ACTIVE_ARCH = YES;
				SDKROOT = iphoneos;
				SWIFT_ACTIVE_COMPILATION_CONDITIONS = DEBUG;
				SWIFT_OPTIMIZATION_LEVEL = "-Onone";
			};
			name = Debug;
		};
		F45EE5E22543C3E8000D1A5C /* Release */ = {
			isa = XCBuildConfiguration;
			buildSettings = {
				ALWAYS_SEARCH_USER_PATHS = NO;
				CLANG_ANALYZER_NONNULL = YES;
				CLANG_ANALYZER_NUMBER_OBJECT_CONVERSION = YES_AGGRESSIVE;
				CLANG_CXX_LANGUAGE_STANDARD = "gnu++14";
				CLANG_CXX_LIBRARY = "libc++";
				CLANG_ENABLE_MODULES = YES;
				CLANG_ENABLE_OBJC_ARC = YES;
				CLANG_ENABLE_OBJC_WEAK = YES;
				CLANG_WARN_BLOCK_CAPTURE_AUTORELEASING = YES;
				CLANG_WARN_BOOL_CONVERSION = YES;
				CLANG_WARN_COMMA = YES;
				CLANG_WARN_CONSTANT_CONVERSION = YES;
				CLANG_WARN_DEPRECATED_OBJC_IMPLEMENTATIONS = YES;
				CLANG_WARN_DIRECT_OBJC_ISA_USAGE = YES_ERROR;
				CLANG_WARN_DOCUMENTATION_COMMENTS = YES;
				CLANG_WARN_EMPTY_BODY = YES;
				CLANG_WARN_ENUM_CONVERSION = YES;
				CLANG_WARN_INFINITE_RECURSION = YES;
				CLANG_WARN_INT_CONVERSION = YES;
				CLANG_WARN_NON_LITERAL_NULL_CONVERSION = YES;
				CLANG_WARN_OBJC_IMPLICIT_RETAIN_SELF = YES;
				CLANG_WARN_OBJC_LITERAL_CONVERSION = YES;
				CLANG_WARN_OBJC_ROOT_CLASS = YES_ERROR;
				CLANG_WARN_QUOTED_INCLUDE_IN_FRAMEWORK_HEADER = YES;
				CLANG_WARN_RANGE_LOOP_ANALYSIS = YES;
				CLANG_WARN_STRICT_PROTOTYPES = YES;
				CLANG_WARN_SUSPICIOUS_MOVE = YES;
				CLANG_WARN_UNGUARDED_AVAILABILITY = YES_AGGRESSIVE;
				CLANG_WARN_UNREACHABLE_CODE = YES;
				CLANG_WARN__DUPLICATE_METHOD_MATCH = YES;
				COPY_PHASE_STRIP = NO;
				DEBUG_INFORMATION_FORMAT = "dwarf-with-dsym";
				ENABLE_NS_ASSERTIONS = NO;
				ENABLE_STRICT_OBJC_MSGSEND = YES;
				GCC_C_LANGUAGE_STANDARD = gnu11;
				GCC_NO_COMMON_BLOCKS = YES;
				GCC_WARN_64_TO_32_BIT_CONVERSION = YES;
				GCC_WARN_ABOUT_RETURN_TYPE = YES_ERROR;
				GCC_WARN_UNDECLARED_SELECTOR = YES;
				GCC_WARN_UNINITIALIZED_AUTOS = YES_AGGRESSIVE;
				GCC_WARN_UNUSED_FUNCTION = YES;
				GCC_WARN_UNUSED_VARIABLE = YES;
				IPHONEOS_DEPLOYMENT_TARGET = 14.1;
				MTL_ENABLE_DEBUG_INFO = NO;
				MTL_FAST_MATH = YES;
				SDKROOT = iphoneos;
				SWIFT_COMPILATION_MODE = wholemodule;
				SWIFT_OPTIMIZATION_LEVEL = "-O";
				VALIDATE_PRODUCT = YES;
			};
			name = Release;
		};
		F45EE5E42543C3E8000D1A5C /* Debug */ = {
			isa = XCBuildConfiguration;
			buildSettings = {
				ASSETCATALOG_COMPILER_APPICON_NAME = AppIcon;
				ASSETCATALOG_COMPILER_GLOBAL_ACCENT_COLOR_NAME = AccentColor;
				CODE_SIGN_STYLE = Automatic;
				DEVELOPMENT_ASSET_PATHS = "\"Apple_Tutorial_Project_SwiftUI_1/Preview Content\"";
				ENABLE_PREVIEWS = YES;
				INFOPLIST_FILE = Apple_Tutorial_Project_SwiftUI_1/Info.plist;
				IPHONEOS_DEPLOYMENT_TARGET = 14.0;
				LD_RUNPATH_SEARCH_PATHS = (
					"$(inherited)",
					"@executable_path/Frameworks",
				);
				PRODUCT_BUNDLE_IDENTIFIER = "com.makanfofana.Apple-Tutorial-Project-SwiftUI-1";
				PRODUCT_NAME = "$(TARGET_NAME)";
				SWIFT_VERSION = 5.0;
				TARGETED_DEVICE_FAMILY = "1,2";
			};
			name = Debug;
		};
		F45EE5E52543C3E8000D1A5C /* Release */ = {
			isa = XCBuildConfiguration;
			buildSettings = {
				ASSETCATALOG_COMPILER_APPICON_NAME = AppIcon;
				ASSETCATALOG_COMPILER_GLOBAL_ACCENT_COLOR_NAME = AccentColor;
				CODE_SIGN_STYLE = Automatic;
				DEVELOPMENT_ASSET_PATHS = "\"Apple_Tutorial_Project_SwiftUI_1/Preview Content\"";
				ENABLE_PREVIEWS = YES;
				INFOPLIST_FILE = Apple_Tutorial_Project_SwiftUI_1/Info.plist;
				IPHONEOS_DEPLOYMENT_TARGET = 14.0;
				LD_RUNPATH_SEARCH_PATHS = (
					"$(inherited)",
					"@executable_path/Frameworks",
				);
				PRODUCT_BUNDLE_IDENTIFIER = "com.makanfofana.Apple-Tutorial-Project-SwiftUI-1";
				PRODUCT_NAME = "$(TARGET_NAME)";
				SWIFT_VERSION = 5.0;
				TARGETED_DEVICE_FAMILY = "1,2";
			};
			name = Release;
		};
		F45EE5E72543C3E8000D1A5C /* Debug */ = {
			isa = XCBuildConfiguration;
			buildSettings = {
				ALWAYS_EMBED_SWIFT_STANDARD_LIBRARIES = YES;
				BUNDLE_LOADER = "$(TEST_HOST)";
				CODE_SIGN_STYLE = Automatic;
				INFOPLIST_FILE = Apple_Tutorial_Project_SwiftUI_1Tests/Info.plist;
				IPHONEOS_DEPLOYMENT_TARGET = 14.0;
				LD_RUNPATH_SEARCH_PATHS = (
					"$(inherited)",
					"@executable_path/Frameworks",
					"@loader_path/Frameworks",
				);
				PRODUCT_BUNDLE_IDENTIFIER = "com.makanfofana.Apple-Tutorial-Project-SwiftUI-1Tests";
				PRODUCT_NAME = "$(TARGET_NAME)";
				SWIFT_VERSION = 5.0;
				TARGETED_DEVICE_FAMILY = "1,2";
				TEST_HOST = "$(BUILT_PRODUCTS_DIR)/Apple_Tutorial_Project_SwiftUI_1.app/Apple_Tutorial_Project_SwiftUI_1";
			};
			name = Debug;
		};
		F45EE5E82543C3E8000D1A5C /* Release */ = {
			isa = XCBuildConfiguration;
			buildSettings = {
				ALWAYS_EMBED_SWIFT_STANDARD_LIBRARIES = YES;
				BUNDLE_LOADER = "$(TEST_HOST)";
				CODE_SIGN_STYLE = Automatic;
				INFOPLIST_FILE = Apple_Tutorial_Project_SwiftUI_1Tests/Info.plist;
				IPHONEOS_DEPLOYMENT_TARGET = 14.0;
				LD_RUNPATH_SEARCH_PATHS = (
					"$(inherited)",
					"@executable_path/Frameworks",
					"@loader_path/Frameworks",
				);
				PRODUCT_BUNDLE_IDENTIFIER = "com.makanfofana.Apple-Tutorial-Project-SwiftUI-1Tests";
				PRODUCT_NAME = "$(TARGET_NAME)";
				SWIFT_VERSION = 5.0;
				TARGETED_DEVICE_FAMILY = "1,2";
				TEST_HOST = "$(BUILT_PRODUCTS_DIR)/Apple_Tutorial_Project_SwiftUI_1.app/Apple_Tutorial_Project_SwiftUI_1";
			};
			name = Release;
		};
		F45EE5EA2543C3E8000D1A5C /* Debug */ = {
			isa = XCBuildConfiguration;
			buildSettings = {
				ALWAYS_EMBED_SWIFT_STANDARD_LIBRARIES = YES;
				CODE_SIGN_STYLE = Automatic;
				INFOPLIST_FILE = Apple_Tutorial_Project_SwiftUI_1UITests/Info.plist;
				LD_RUNPATH_SEARCH_PATHS = (
					"$(inherited)",
					"@executable_path/Frameworks",
					"@loader_path/Frameworks",
				);
				PRODUCT_BUNDLE_IDENTIFIER = "com.makanfofana.Apple-Tutorial-Project-SwiftUI-1UITests";
				PRODUCT_NAME = "$(TARGET_NAME)";
				SWIFT_VERSION = 5.0;
				TARGETED_DEVICE_FAMILY = "1,2";
				TEST_TARGET_NAME = Apple_Tutorial_Project_SwiftUI_1;
			};
			name = Debug;
		};
		F45EE5EB2543C3E8000D1A5C /* Release */ = {
			isa = XCBuildConfiguration;
			buildSettings = {
				ALWAYS_EMBED_SWIFT_STANDARD_LIBRARIES = YES;
				CODE_SIGN_STYLE = Automatic;
				INFOPLIST_FILE = Apple_Tutorial_Project_SwiftUI_1UITests/Info.plist;
				LD_RUNPATH_SEARCH_PATHS = (
					"$(inherited)",
					"@executable_path/Frameworks",
					"@loader_path/Frameworks",
				);
				PRODUCT_BUNDLE_IDENTIFIER = "com.makanfofana.Apple-Tutorial-Project-SwiftUI-1UITests";
				PRODUCT_NAME = "$(TARGET_NAME)";
				SWIFT_VERSION = 5.0;
				TARGETED_DEVICE_FAMILY = "1,2";
				TEST_TARGET_NAME = Apple_Tutorial_Project_SwiftUI_1;
			};
			name = Release;
		};
/* End XCBuildConfiguration section */

/* Begin XCConfigurationList section */
		F45EE5B92543C3E5000D1A5C /* Build configuration list for PBXProject "Apple_Tutorial_Project_SwiftUI_1" */ = {
			isa = XCConfigurationList;
			buildConfigurations = (
				F45EE5E12543C3E8000D1A5C /* Debug */,
				F45EE5E22543C3E8000D1A5C /* Release */,
			);
			defaultConfigurationIsVisible = 0;
			defaultConfigurationName = Release;
		};
		F45EE5E32543C3E8000D1A5C /* Build configuration list for PBXNativeTarget "Apple_Tutorial_Project_SwiftUI_1" */ = {
			isa = XCConfigurationList;
			buildConfigurations = (
				F45EE5E42543C3E8000D1A5C /* Debug */,
				F45EE5E52543C3E8000D1A5C /* Release */,
			);
			defaultConfigurationIsVisible = 0;
			defaultConfigurationName = Release;
		};
		F45EE5E62543C3E8000D1A5C /* Build configuration list for PBXNativeTarget "Apple_Tutorial_Project_SwiftUI_1Tests" */ = {
			isa = XCConfigurationList;
			buildConfigurations = (
				F45EE5E72543C3E8000D1A5C /* Debug */,
				F45EE5E82543C3E8000D1A5C /* Release */,
			);
			defaultConfigurationIsVisible = 0;
			defaultConfigurationName = Release;
		};
		F45EE5E92543C3E8000D1A5C /* Build configuration list for PBXNativeTarget "Apple_Tutorial_Project_SwiftUI_1UITests" */ = {
			isa = XCConfigurationList;
			buildConfigurations = (
				F45EE5EA2543C3E8000D1A5C /* Debug */,
				F45EE5EB2543C3E8000D1A5C /* Release */,
			);
			defaultConfigurationIsVisible = 0;
			defaultConfigurationName = Release;
		};
/* End XCConfigurationList section */
	};
	rootObject = F45EE5B62543C3E5000D1A5C /* Project object */;
}
